// !$*UTF8*$!
{
	archiveVersion = 1;
	classes = {
	};
	objectVersion = 52;
	objects = {

/* Begin PBXBuildFile section */
		126D29BD279CAA5900E444CE /* CodeScanner in Frameworks */ = {isa = PBXBuildFile; productRef = 126D29BC279CAA5900E444CE /* CodeScanner */; };
		126D29C0279CDDF600E444CE /* Kingfisher in Frameworks */ = {isa = PBXBuildFile; productRef = 126D29BF279CDDF600E444CE /* Kingfisher */; };
		126D29C2279CF6A100E444CE /* KitchenView.swift in Sources */ = {isa = PBXBuildFile; fileRef = 126D29C1279CF6A100E444CE /* KitchenView.swift */; };
		126D29C4279CF6CC00E444CE /* RecipeView.swift in Sources */ = {isa = PBXBuildFile; fileRef = 126D29C3279CF6CC00E444CE /* RecipeView.swift */; };
		126D29C6279D170000E444CE /* AddProductView.swift in Sources */ = {isa = PBXBuildFile; fileRef = 126D29C5279D170000E444CE /* AddProductView.swift */; };
		126D29C8279DD85300E444CE /* ProductDetail.swift in Sources */ = {isa = PBXBuildFile; fileRef = 126D29C7279DD85300E444CE /* ProductDetail.swift */; };
		126D29CA279DD86500E444CE /* ProductView.swift in Sources */ = {isa = PBXBuildFile; fileRef = 126D29C9279DD86500E444CE /* ProductView.swift */; };
		12B86EC7278BCA480030AD1D /* Api.swift in Sources */ = {isa = PBXBuildFile; fileRef = 12B86EC6278BCA480030AD1D /* Api.swift */; };
		6F0152F8278B4D8C0027C857 /* SoftwareDevelopmentProjectApp.swift in Sources */ = {isa = PBXBuildFile; fileRef = 6F0152F7278B4D8C0027C857 /* SoftwareDevelopmentProjectApp.swift */; };
		6F0152FA278B4D8C0027C857 /* ContentView.swift in Sources */ = {isa = PBXBuildFile; fileRef = 6F0152F9278B4D8C0027C857 /* ContentView.swift */; };
		6F0152FC278B4D8F0027C857 /* Assets.xcassets in Resources */ = {isa = PBXBuildFile; fileRef = 6F0152FB278B4D8F0027C857 /* Assets.xcassets */; };
		6F0152FF278B4D8F0027C857 /* Preview Assets.xcassets in Resources */ = {isa = PBXBuildFile; fileRef = 6F0152FE278B4D8F0027C857 /* Preview Assets.xcassets */; };
		6F01530A278B4D8F0027C857 /* SoftwareDevelopmentProjectTests.swift in Sources */ = {isa = PBXBuildFile; fileRef = 6F015309278B4D8F0027C857 /* SoftwareDevelopmentProjectTests.swift */; };
		6F015315278B4D8F0027C857 /* SoftwareDevelopmentProjectUITests.swift in Sources */ = {isa = PBXBuildFile; fileRef = 6F015314278B4D8F0027C857 /* SoftwareDevelopmentProjectUITests.swift */; };
/* End PBXBuildFile section */

/* Begin PBXContainerItemProxy section */
		6F015306278B4D8F0027C857 /* PBXContainerItemProxy */ = {
			isa = PBXContainerItemProxy;
			containerPortal = 6F0152EC278B4D8C0027C857 /* Project object */;
			proxyType = 1;
			remoteGlobalIDString = 6F0152F3278B4D8C0027C857;
			remoteInfo = SoftwareDevelopmentProject;
		};
		6F015311278B4D8F0027C857 /* PBXContainerItemProxy */ = {
			isa = PBXContainerItemProxy;
			containerPortal = 6F0152EC278B4D8C0027C857 /* Project object */;
			proxyType = 1;
			remoteGlobalIDString = 6F0152F3278B4D8C0027C857;
			remoteInfo = SoftwareDevelopmentProject;
		};
/* End PBXContainerItemProxy section */

/* Begin PBXFileReference section */
		126D29C1279CF6A100E444CE /* KitchenView.swift */ = {isa = PBXFileReference; lastKnownFileType = sourcecode.swift; path = KitchenView.swift; sourceTree = "<group>"; };
		126D29C3279CF6CC00E444CE /* RecipeView.swift */ = {isa = PBXFileReference; lastKnownFileType = sourcecode.swift; path = RecipeView.swift; sourceTree = "<group>"; };
		126D29C5279D170000E444CE /* AddProductView.swift */ = {isa = PBXFileReference; lastKnownFileType = sourcecode.swift; path = AddProductView.swift; sourceTree = "<group>"; };
		126D29C7279DD85300E444CE /* ProductDetail.swift */ = {isa = PBXFileReference; lastKnownFileType = sourcecode.swift; path = ProductDetail.swift; sourceTree = "<group>"; };
		126D29C9279DD86500E444CE /* ProductView.swift */ = {isa = PBXFileReference; lastKnownFileType = sourcecode.swift; path = ProductView.swift; sourceTree = "<group>"; };
		12B86EC6278BCA480030AD1D /* Api.swift */ = {isa = PBXFileReference; lastKnownFileType = sourcecode.swift; path = Api.swift; sourceTree = "<group>"; };
		6F0152F4278B4D8C0027C857 /* SoftwareDevelopmentProject.app */ = {isa = PBXFileReference; explicitFileType = wrapper.application; includeInIndex = 0; path = SoftwareDevelopmentProject.app; sourceTree = BUILT_PRODUCTS_DIR; };
		6F0152F7278B4D8C0027C857 /* SoftwareDevelopmentProjectApp.swift */ = {isa = PBXFileReference; lastKnownFileType = sourcecode.swift; path = SoftwareDevelopmentProjectApp.swift; sourceTree = "<group>"; };
		6F0152F9278B4D8C0027C857 /* ContentView.swift */ = {isa = PBXFileReference; lastKnownFileType = sourcecode.swift; path = ContentView.swift; sourceTree = "<group>"; };
		6F0152FB278B4D8F0027C857 /* Assets.xcassets */ = {isa = PBXFileReference; lastKnownFileType = folder.assetcatalog; path = Assets.xcassets; sourceTree = "<group>"; };
		6F0152FE278B4D8F0027C857 /* Preview Assets.xcassets */ = {isa = PBXFileReference; lastKnownFileType = folder.assetcatalog; path = "Preview Assets.xcassets"; sourceTree = "<group>"; };
		6F015300278B4D8F0027C857 /* Info.plist */ = {isa = PBXFileReference; lastKnownFileType = text.plist.xml; path = Info.plist; sourceTree = "<group>"; };
		6F015305278B4D8F0027C857 /* SoftwareDevelopmentProjectTests.xctest */ = {isa = PBXFileReference; explicitFileType = wrapper.cfbundle; includeInIndex = 0; path = SoftwareDevelopmentProjectTests.xctest; sourceTree = BUILT_PRODUCTS_DIR; };
		6F015309278B4D8F0027C857 /* SoftwareDevelopmentProjectTests.swift */ = {isa = PBXFileReference; lastKnownFileType = sourcecode.swift; path = SoftwareDevelopmentProjectTests.swift; sourceTree = "<group>"; };
		6F01530B278B4D8F0027C857 /* Info.plist */ = {isa = PBXFileReference; lastKnownFileType = text.plist.xml; path = Info.plist; sourceTree = "<group>"; };
		6F015310278B4D8F0027C857 /* SoftwareDevelopmentProjectUITests.xctest */ = {isa = PBXFileReference; explicitFileType = wrapper.cfbundle; includeInIndex = 0; path = SoftwareDevelopmentProjectUITests.xctest; sourceTree = BUILT_PRODUCTS_DIR; };
		6F015314278B4D8F0027C857 /* SoftwareDevelopmentProjectUITests.swift */ = {isa = PBXFileReference; lastKnownFileType = sourcecode.swift; path = SoftwareDevelopmentProjectUITests.swift; sourceTree = "<group>"; };
		6F015316278B4D8F0027C857 /* Info.plist */ = {isa = PBXFileReference; lastKnownFileType = text.plist.xml; path = Info.plist; sourceTree = "<group>"; };
/* End PBXFileReference section */

/* Begin PBXFrameworksBuildPhase section */
		6F0152F1278B4D8C0027C857 /* Frameworks */ = {
			isa = PBXFrameworksBuildPhase;
			buildActionMask = 2147483647;
			files = (
				126D29C0279CDDF600E444CE /* Kingfisher in Frameworks */,
				126D29BD279CAA5900E444CE /* CodeScanner in Frameworks */,
			);
			runOnlyForDeploymentPostprocessing = 0;
		};
		6F015302278B4D8F0027C857 /* Frameworks */ = {
			isa = PBXFrameworksBuildPhase;
			buildActionMask = 2147483647;
			files = (
			);
			runOnlyForDeploymentPostprocessing = 0;
		};
		6F01530D278B4D8F0027C857 /* Frameworks */ = {
			isa = PBXFrameworksBuildPhase;
			buildActionMask = 2147483647;
			files = (
			);
			runOnlyForDeploymentPostprocessing = 0;
		};
/* End PBXFrameworksBuildPhase section */

/* Begin PBXGroup section */
		6F0152EB278B4D8C0027C857 = {
			isa = PBXGroup;
			children = (
				6F0152F6278B4D8C0027C857 /* SoftwareDevelopmentProject */,
				6F015308278B4D8F0027C857 /* SoftwareDevelopmentProjectTests */,
				6F015313278B4D8F0027C857 /* SoftwareDevelopmentProjectUITests */,
				6F0152F5278B4D8C0027C857 /* Products */,
			);
			sourceTree = "<group>";
		};
		6F0152F5278B4D8C0027C857 /* Products */ = {
			isa = PBXGroup;
			children = (
				6F0152F4278B4D8C0027C857 /* SoftwareDevelopmentProject.app */,
				6F015305278B4D8F0027C857 /* SoftwareDevelopmentProjectTests.xctest */,
				6F015310278B4D8F0027C857 /* SoftwareDevelopmentProjectUITests.xctest */,
			);
			name = Products;
			sourceTree = "<group>";
		};
		6F0152F6278B4D8C0027C857 /* SoftwareDevelopmentProject */ = {
			isa = PBXGroup;
			children = (
				6F0152F7278B4D8C0027C857 /* SoftwareDevelopmentProjectApp.swift */,
				126D29C5279D170000E444CE /* AddProductView.swift */,
				6F0152F9278B4D8C0027C857 /* ContentView.swift */,
				126D29C1279CF6A100E444CE /* KitchenView.swift */,
				126D29C7279DD85300E444CE /* ProductDetail.swift */,
				126D29C9279DD86500E444CE /* ProductView.swift */,
				126D29C3279CF6CC00E444CE /* RecipeView.swift */,
				6F0152FB278B4D8F0027C857 /* Assets.xcassets */,
				6F015300278B4D8F0027C857 /* Info.plist */,
				6F0152FD278B4D8F0027C857 /* Preview Content */,
				12B86EC6278BCA480030AD1D /* Api.swift */,
			);
			path = SoftwareDevelopmentProject;
			sourceTree = "<group>";
		};
		6F0152FD278B4D8F0027C857 /* Preview Content */ = {
			isa = PBXGroup;
			children = (
				6F0152FE278B4D8F0027C857 /* Preview Assets.xcassets */,
			);
			path = "Preview Content";
			sourceTree = "<group>";
		};
		6F015308278B4D8F0027C857 /* SoftwareDevelopmentProjectTests */ = {
			isa = PBXGroup;
			children = (
				6F015309278B4D8F0027C857 /* SoftwareDevelopmentProjectTests.swift */,
				6F01530B278B4D8F0027C857 /* Info.plist */,
			);
			path = SoftwareDevelopmentProjectTests;
			sourceTree = "<group>";
		};
		6F015313278B4D8F0027C857 /* SoftwareDevelopmentProjectUITests */ = {
			isa = PBXGroup;
			children = (
				6F015314278B4D8F0027C857 /* SoftwareDevelopmentProjectUITests.swift */,
				6F015316278B4D8F0027C857 /* Info.plist */,
			);
			path = SoftwareDevelopmentProjectUITests;
			sourceTree = "<group>";
		};
/* End PBXGroup section */

/* Begin PBXNativeTarget section */
		6F0152F3278B4D8C0027C857 /* SoftwareDevelopmentProject */ = {
			isa = PBXNativeTarget;
			buildConfigurationList = 6F015319278B4D8F0027C857 /* Build configuration list for PBXNativeTarget "SoftwareDevelopmentProject" */;
			buildPhases = (
				6F0152F0278B4D8C0027C857 /* Sources */,
				6F0152F1278B4D8C0027C857 /* Frameworks */,
				6F0152F2278B4D8C0027C857 /* Resources */,
			);
			buildRules = (
			);
			dependencies = (
			);
			name = SoftwareDevelopmentProject;
			packageProductDependencies = (
				126D29BC279CAA5900E444CE /* CodeScanner */,
				126D29BF279CDDF600E444CE /* Kingfisher */,
			);
			productName = SoftwareDevelopmentProject;
			productReference = 6F0152F4278B4D8C0027C857 /* SoftwareDevelopmentProject.app */;
			productType = "com.apple.product-type.application";
		};
		6F015304278B4D8F0027C857 /* SoftwareDevelopmentProjectTests */ = {
			isa = PBXNativeTarget;
			buildConfigurationList = 6F01531C278B4D8F0027C857 /* Build configuration list for PBXNativeTarget "SoftwareDevelopmentProjectTests" */;
			buildPhases = (
				6F015301278B4D8F0027C857 /* Sources */,
				6F015302278B4D8F0027C857 /* Frameworks */,
				6F015303278B4D8F0027C857 /* Resources */,
			);
			buildRules = (
			);
			dependencies = (
				6F015307278B4D8F0027C857 /* PBXTargetDependency */,
			);
			name = SoftwareDevelopmentProjectTests;
			productName = SoftwareDevelopmentProjectTests;
			productReference = 6F015305278B4D8F0027C857 /* SoftwareDevelopmentProjectTests.xctest */;
			productType = "com.apple.product-type.bundle.unit-test";
		};
		6F01530F278B4D8F0027C857 /* SoftwareDevelopmentProjectUITests */ = {
			isa = PBXNativeTarget;
			buildConfigurationList = 6F01531F278B4D8F0027C857 /* Build configuration list for PBXNativeTarget "SoftwareDevelopmentProjectUITests" */;
			buildPhases = (
				6F01530C278B4D8F0027C857 /* Sources */,
				6F01530D278B4D8F0027C857 /* Frameworks */,
				6F01530E278B4D8F0027C857 /* Resources */,
			);
			buildRules = (
			);
			dependencies = (
				6F015312278B4D8F0027C857 /* PBXTargetDependency */,
			);
			name = SoftwareDevelopmentProjectUITests;
			productName = SoftwareDevelopmentProjectUITests;
			productReference = 6F015310278B4D8F0027C857 /* SoftwareDevelopmentProjectUITests.xctest */;
			productType = "com.apple.product-type.bundle.ui-testing";
		};
/* End PBXNativeTarget section */

/* Begin PBXProject section */
		6F0152EC278B4D8C0027C857 /* Project object */ = {
			isa = PBXProject;
			attributes = {
				LastSwiftUpdateCheck = 1250;
				LastUpgradeCheck = 1250;
				TargetAttributes = {
					6F0152F3278B4D8C0027C857 = {
						CreatedOnToolsVersion = 12.5;
					};
					6F015304278B4D8F0027C857 = {
						CreatedOnToolsVersion = 12.5;
						TestTargetID = 6F0152F3278B4D8C0027C857;
					};
					6F01530F278B4D8F0027C857 = {
						CreatedOnToolsVersion = 12.5;
						TestTargetID = 6F0152F3278B4D8C0027C857;
					};
				};
			};
			buildConfigurationList = 6F0152EF278B4D8C0027C857 /* Build configuration list for PBXProject "SoftwareDevelopmentProject" */;
			compatibilityVersion = "Xcode 9.3";
			developmentRegion = en;
			hasScannedForEncodings = 0;
			knownRegions = (
				en,
				Base,
			);
			mainGroup = 6F0152EB278B4D8C0027C857;
			packageReferences = (
				126D29BB279CAA5900E444CE /* XCRemoteSwiftPackageReference "CodeScanner" */,
				126D29BE279CDDF600E444CE /* XCRemoteSwiftPackageReference "Kingfisher" */,
			);
			productRefGroup = 6F0152F5278B4D8C0027C857 /* Products */;
			projectDirPath = "";
			projectRoot = "";
			targets = (
				6F0152F3278B4D8C0027C857 /* SoftwareDevelopmentProject */,
				6F015304278B4D8F0027C857 /* SoftwareDevelopmentProjectTests */,
				6F01530F278B4D8F0027C857 /* SoftwareDevelopmentProjectUITests */,
			);
		};
/* End PBXProject section */

/* Begin PBXResourcesBuildPhase section */
		6F0152F2278B4D8C0027C857 /* Resources */ = {
			isa = PBXResourcesBuildPhase;
			buildActionMask = 2147483647;
			files = (
				6F0152FF278B4D8F0027C857 /* Preview Assets.xcassets in Resources */,
				6F0152FC278B4D8F0027C857 /* Assets.xcassets in Resources */,
			);
			runOnlyForDeploymentPostprocessing = 0;
		};
		6F015303278B4D8F0027C857 /* Resources */ = {
			isa = PBXResourcesBuildPhase;
			buildActionMask = 2147483647;
			files = (
			);
			runOnlyForDeploymentPostprocessing = 0;
		};
		6F01530E278B4D8F0027C857 /* Resources */ = {
			isa = PBXResourcesBuildPhase;
			buildActionMask = 2147483647;
			files = (
			);
			runOnlyForDeploymentPostprocessing = 0;
		};
/* End PBXResourcesBuildPhase section */

/* Begin PBXSourcesBuildPhase section */
		6F0152F0278B4D8C0027C857 /* Sources */ = {
			isa = PBXSourcesBuildPhase;
			buildActionMask = 2147483647;
			files = (
				126D29CA279DD86500E444CE /* ProductView.swift in Sources */,
				126D29C6279D170000E444CE /* AddProductView.swift in Sources */,
				126D29C4279CF6CC00E444CE /* RecipeView.swift in Sources */,
				6F0152FA278B4D8C0027C857 /* ContentView.swift in Sources */,
				126D29C8279DD85300E444CE /* ProductDetail.swift in Sources */,
				126D29C2279CF6A100E444CE /* KitchenView.swift in Sources */,
				12B86EC7278BCA480030AD1D /* Api.swift in Sources */,
				6F0152F8278B4D8C0027C857 /* SoftwareDevelopmentProjectApp.swift in Sources */,
			);
			runOnlyForDeploymentPostprocessing = 0;
		};
		6F015301278B4D8F0027C857 /* Sources */ = {
			isa = PBXSourcesBuildPhase;
			buildActionMask = 2147483647;
			files = (
				6F01530A278B4D8F0027C857 /* SoftwareDevelopmentProjectTests.swift in Sources */,
			);
			runOnlyForDeploymentPostprocessing = 0;
		};
		6F01530C278B4D8F0027C857 /* Sources */ = {
			isa = PBXSourcesBuildPhase;
			buildActionMask = 2147483647;
			files = (
				6F015315278B4D8F0027C857 /* SoftwareDevelopmentProjectUITests.swift in Sources */,
			);
			runOnlyForDeploymentPostprocessing = 0;
		};
/* End PBXSourcesBuildPhase section */

/* Begin PBXTargetDependency section */
		6F015307278B4D8F0027C857 /* PBXTargetDependency */ = {
			isa = PBXTargetDependency;
			target = 6F0152F3278B4D8C0027C857 /* SoftwareDevelopmentProject */;
			targetProxy = 6F015306278B4D8F0027C857 /* PBXContainerItemProxy */;
		};
		6F015312278B4D8F0027C857 /* PBXTargetDependency */ = {
			isa = PBXTargetDependency;
			target = 6F0152F3278B4D8C0027C857 /* SoftwareDevelopmentProject */;
			targetProxy = 6F015311278B4D8F0027C857 /* PBXContainerItemProxy */;
		};
/* End PBXTargetDependency section */

/* Begin XCBuildConfiguration section */
		6F015317278B4D8F0027C857 /* Debug */ = {
			isa = XCBuildConfiguration;
			buildSettings = {
				ALWAYS_SEARCH_USER_PATHS = NO;
				CLANG_ANALYZER_NONNULL = YES;
				CLANG_ANALYZER_NUMBER_OBJECT_CONVERSION = YES_AGGRESSIVE;
				CLANG_CXX_LANGUAGE_STANDARD = "gnu++14";
				CLANG_CXX_LIBRARY = "libc++";
				CLANG_ENABLE_MODULES = YES;
				CLANG_ENABLE_OBJC_ARC = YES;
				CLANG_ENABLE_OBJC_WEAK = YES;
				CLANG_WARN_BLOCK_CAPTURE_AUTORELEASING = YES;
				CLANG_WARN_BOOL_CONVERSION = YES;
				CLANG_WARN_COMMA = YES;
				CLANG_WARN_CONSTANT_CONVERSION = YES;
				CLANG_WARN_DEPRECATED_OBJC_IMPLEMENTATIONS = YES;
				CLANG_WARN_DIRECT_OBJC_ISA_USAGE = YES_ERROR;
				CLANG_WARN_DOCUMENTATION_COMMENTS = YES;
				CLANG_WARN_EMPTY_BODY = YES;
				CLANG_WARN_ENUM_CONVERSION = YES;
				CLANG_WARN_INFINITE_RECURSION = YES;
				CLANG_WARN_INT_CONVERSION = YES;
				CLANG_WARN_NON_LITERAL_NULL_CONVERSION = YES;
				CLANG_WARN_OBJC_IMPLICIT_RETAIN_SELF = YES;
				CLANG_WARN_OBJC_LITERAL_CONVERSION = YES;
				CLANG_WARN_OBJC_ROOT_CLASS = YES_ERROR;
				CLANG_WARN_QUOTED_INCLUDE_IN_FRAMEWORK_HEADER = YES;
				CLANG_WARN_RANGE_LOOP_ANALYSIS = YES;
				CLANG_WARN_STRICT_PROTOTYPES = YES;
				CLANG_WARN_SUSPICIOUS_MOVE = YES;
				CLANG_WARN_UNGUARDED_AVAILABILITY = YES_AGGRESSIVE;
				CLANG_WARN_UNREACHABLE_CODE = YES;
				CLANG_WARN__DUPLICATE_METHOD_MATCH = YES;
				COPY_PHASE_STRIP = NO;
				DEBUG_INFORMATION_FORMAT = dwarf;
				ENABLE_STRICT_OBJC_MSGSEND = YES;
				ENABLE_TESTABILITY = YES;
				GCC_C_LANGUAGE_STANDARD = gnu11;
				GCC_DYNAMIC_NO_PIC = NO;
				GCC_NO_COMMON_BLOCKS = YES;
				GCC_OPTIMIZATION_LEVEL = 0;
				GCC_PREPROCESSOR_DEFINITIONS = (
					"DEBUG=1",
					"$(inherited)",
				);
				GCC_WARN_64_TO_32_BIT_CONVERSION = YES;
				GCC_WARN_ABOUT_RETURN_TYPE = YES_ERROR;
				GCC_WARN_UNDECLARED_SELECTOR = YES;
				GCC_WARN_UNINITIALIZED_AUTOS = YES_AGGRESSIVE;
				GCC_WARN_UNUSED_FUNCTION = YES;
				GCC_WARN_UNUSED_VARIABLE = YES;
				IPHONEOS_DEPLOYMENT_TARGET = 14.5;
				MTL_ENABLE_DEBUG_INFO = INCLUDE_SOURCE;
				MTL_FAST_MATH = YES;
				ONLY_ACTIVE_ARCH = YES;
				SDKROOT = iphoneos;
				SWIFT_ACTIVE_COMPILATION_CONDITIONS = DEBUG;
				SWIFT_OPTIMIZATION_LEVEL = "-Onone";
			};
			name = Debug;
		};
		6F015318278B4D8F0027C857 /* Release */ = {
			isa = XCBuildConfiguration;
			buildSettings = {
				ALWAYS_SEARCH_USER_PATHS = NO;
				CLANG_ANALYZER_NONNULL = YES;
				CLANG_ANALYZER_NUMBER_OBJECT_CONVERSION = YES_AGGRESSIVE;
				CLANG_CXX_LANGUAGE_STANDARD = "gnu++14";
				CLANG_CXX_LIBRARY = "libc++";
				CLANG_ENABLE_MODULES = YES;
				CLANG_ENABLE_OBJC_ARC = YES;
				CLANG_ENABLE_OBJC_WEAK = YES;
				CLANG_WARN_BLOCK_CAPTURE_AUTORELEASING = YES;
				CLANG_WARN_BOOL_CONVERSION = YES;
				CLANG_WARN_COMMA = YES;
				CLANG_WARN_CONSTANT_CONVERSION = YES;
				CLANG_WARN_DEPRECATED_OBJC_IMPLEMENTATIONS = YES;
				CLANG_WARN_DIRECT_OBJC_ISA_USAGE = YES_ERROR;
				CLANG_WARN_DOCUMENTATION_COMMENTS = YES;
				CLANG_WARN_EMPTY_BODY = YES;
				CLANG_WARN_ENUM_CONVERSION = YES;
				CLANG_WARN_INFINITE_RECURSION = YES;
				CLANG_WARN_INT_CONVERSION = YES;
				CLANG_WARN_NON_LITERAL_NULL_CONVERSION = YES;
				CLANG_WARN_OBJC_IMPLICIT_RETAIN_SELF = YES;
				CLANG_WARN_OBJC_LITERAL_CONVERSION = YES;
				CLANG_WARN_OBJC_ROOT_CLASS = YES_ERROR;
				CLANG_WARN_QUOTED_INCLUDE_IN_FRAMEWORK_HEADER = YES;
				CLANG_WARN_RANGE_LOOP_ANALYSIS = YES;
				CLANG_WARN_STRICT_PROTOTYPES = YES;
				CLANG_WARN_SUSPICIOUS_MOVE = YES;
				CLANG_WARN_UNGUARDED_AVAILABILITY = YES_AGGRESSIVE;
				CLANG_WARN_UNREACHABLE_CODE = YES;
				CLANG_WARN__DUPLICATE_METHOD_MATCH = YES;
				COPY_PHASE_STRIP = NO;
				DEBUG_INFORMATION_FORMAT = "dwarf-with-dsym";
				ENABLE_NS_ASSERTIONS = NO;
				ENABLE_STRICT_OBJC_MSGSEND = YES;
				GCC_C_LANGUAGE_STANDARD = gnu11;
				GCC_NO_COMMON_BLOCKS = YES;
				GCC_WARN_64_TO_32_BIT_CONVERSION = YES;
				GCC_WARN_ABOUT_RETURN_TYPE = YES_ERROR;
				GCC_WARN_UNDECLARED_SELECTOR = YES;
				GCC_WARN_UNINITIALIZED_AUTOS = YES_AGGRESSIVE;
				GCC_WARN_UNUSED_FUNCTION = YES;
				GCC_WARN_UNUSED_VARIABLE = YES;
				IPHONEOS_DEPLOYMENT_TARGET = 14.5;
				MTL_ENABLE_DEBUG_INFO = NO;
				MTL_FAST_MATH = YES;
				SDKROOT = iphoneos;
				SWIFT_COMPILATION_MODE = wholemodule;
				SWIFT_OPTIMIZATION_LEVEL = "-O";
				VALIDATE_PRODUCT = YES;
			};
			name = Release;
		};
		6F01531A278B4D8F0027C857 /* Debug */ = {
			isa = XCBuildConfiguration;
			buildSettings = {
				ASSETCATALOG_COMPILER_APPICON_NAME = AppIcon;
				ASSETCATALOG_COMPILER_GLOBAL_ACCENT_COLOR_NAME = AccentColor;
				CODE_SIGN_STYLE = Automatic;
				DEVELOPMENT_ASSET_PATHS = "\"SoftwareDevelopmentProject/Preview Content\"";
				DEVELOPMENT_TEAM = 63BV67GGNW;
				ENABLE_PREVIEWS = YES;
				INFOPLIST_FILE = SoftwareDevelopmentProject/Info.plist;
				IPHONEOS_DEPLOYMENT_TARGET = 14.0;
				LD_RUNPATH_SEARCH_PATHS = (
					"$(inherited)",
					"@executable_path/Frameworks",
				);
				PRODUCT_BUNDLE_IDENTIFIER = LMSeminar.SoftwareDevelopmentProject;
				PRODUCT_NAME = "$(TARGET_NAME)";
				SWIFT_VERSION = 5.0;
				TARGETED_DEVICE_FAMILY = "1,2";
			};
			name = Debug;
		};
		6F01531B278B4D8F0027C857 /* Release */ = {
			isa = XCBuildConfiguration;
			buildSettings = {
				ASSETCATALOG_COMPILER_APPICON_NAME = AppIcon;
				ASSETCATALOG_COMPILER_GLOBAL_ACCENT_COLOR_NAME = AccentColor;
				CODE_SIGN_STYLE = Automatic;
				DEVELOPMENT_ASSET_PATHS = "\"SoftwareDevelopmentProject/Preview Content\"";
				DEVELOPMENT_TEAM = 63BV67GGNW;
				ENABLE_PREVIEWS = YES;
				INFOPLIST_FILE = SoftwareDevelopmentProject/Info.plist;
				IPHONEOS_DEPLOYMENT_TARGET = 14.0;
				LD_RUNPATH_SEARCH_PATHS = (
					"$(inherited)",
					"@executable_path/Frameworks",
				);
				PRODUCT_BUNDLE_IDENTIFIER = LMSeminar.SoftwareDevelopmentProject;
				PRODUCT_NAME = "$(TARGET_NAME)";
				SWIFT_VERSION = 5.0;
				TARGETED_DEVICE_FAMILY = "1,2";
			};
			name = Release;
		};
		6F01531D278B4D8F0027C857 /* Debug */ = {
			isa = XCBuildConfiguration;
			buildSettings = {
				ALWAYS_EMBED_SWIFT_STANDARD_LIBRARIES = YES;
				BUNDLE_LOADER = "$(TEST_HOST)";
				CODE_SIGN_STYLE = Automatic;
				INFOPLIST_FILE = SoftwareDevelopmentProjectTests/Info.plist;
				IPHONEOS_DEPLOYMENT_TARGET = 14.0;
				LD_RUNPATH_SEARCH_PATHS = (
					"$(inherited)",
					"@executable_path/Frameworks",
					"@loader_path/Frameworks",
				);
				PRODUCT_BUNDLE_IDENTIFIER = LMSeminar.SoftwareDevelopmentProjectTests;
				PRODUCT_NAME = "$(TARGET_NAME)";
				SWIFT_VERSION = 5.0;
				TARGETED_DEVICE_FAMILY = "1,2";
				TEST_HOST = "$(BUILT_PRODUCTS_DIR)/SoftwareDevelopmentProject.app/SoftwareDevelopmentProject";
			};
			name = Debug;
		};
		6F01531E278B4D8F0027C857 /* Release */ = {
			isa = XCBuildConfiguration;
			buildSettings = {
				ALWAYS_EMBED_SWIFT_STANDARD_LIBRARIES = YES;
				BUNDLE_LOADER = "$(TEST_HOST)";
				CODE_SIGN_STYLE = Automatic;
				INFOPLIST_FILE = SoftwareDevelopmentProjectTests/Info.plist;
				IPHONEOS_DEPLOYMENT_TARGET = 14.0;
				LD_RUNPATH_SEARCH_PATHS = (
					"$(inherited)",
					"@executable_path/Frameworks",
					"@loader_path/Frameworks",
				);
				PRODUCT_BUNDLE_IDENTIFIER = LMSeminar.SoftwareDevelopmentProjectTests;
				PRODUCT_NAME = "$(TARGET_NAME)";
				SWIFT_VERSION = 5.0;
				TARGETED_DEVICE_FAMILY = "1,2";
				TEST_HOST = "$(BUILT_PRODUCTS_DIR)/SoftwareDevelopmentProject.app/SoftwareDevelopmentProject";
			};
			name = Release;
		};
		6F015320278B4D8F0027C857 /* Debug */ = {
			isa = XCBuildConfiguration;
			buildSettings = {
				ALWAYS_EMBED_SWIFT_STANDARD_LIBRARIES = YES;
				CODE_SIGN_STYLE = Automatic;
				INFOPLIST_FILE = SoftwareDevelopmentProjectUITests/Info.plist;
				LD_RUNPATH_SEARCH_PATHS = (
					"$(inherited)",
					"@executable_path/Frameworks",
					"@loader_path/Frameworks",
				);
				PRODUCT_BUNDLE_IDENTIFIER = LMSeminar.SoftwareDevelopmentProjectUITests;
				PRODUCT_NAME = "$(TARGET_NAME)";
				SWIFT_VERSION = 5.0;
				TARGETED_DEVICE_FAMILY = "1,2";
				TEST_TARGET_NAME = SoftwareDevelopmentProject;
			};
			name = Debug;
		};
		6F015321278B4D8F0027C857 /* Release */ = {
			isa = XCBuildConfiguration;
			buildSettings = {
				ALWAYS_EMBED_SWIFT_STANDARD_LIBRARIES = YES;
				CODE_SIGN_STYLE = Automatic;
				INFOPLIST_FILE = SoftwareDevelopmentProjectUITests/Info.plist;
				LD_RUNPATH_SEARCH_PATHS = (
					"$(inherited)",
					"@executable_path/Frameworks",
					"@loader_path/Frameworks",
				);
				PRODUCT_BUNDLE_IDENTIFIER = LMSeminar.SoftwareDevelopmentProjectUITests;
				PRODUCT_NAME = "$(TARGET_NAME)";
				SWIFT_VERSION = 5.0;
				TARGETED_DEVICE_FAMILY = "1,2";
				TEST_TARGET_NAME = SoftwareDevelopmentProject;
			};
			name = Release;
		};
/* End XCBuildConfiguration section */

/* Begin XCConfigurationList section */
		6F0152EF278B4D8C0027C857 /* Build configuration list for PBXProject "SoftwareDevelopmentProject" */ = {
			isa = XCConfigurationList;
			buildConfigurations = (
				6F015317278B4D8F0027C857 /* Debug */,
				6F015318278B4D8F0027C857 /* Release */,
			);
			defaultConfigurationIsVisible = 0;
			defaultConfigurationName = Release;
		};
		6F015319278B4D8F0027C857 /* Build configuration list for PBXNativeTarget "SoftwareDevelopmentProject" */ = {
			isa = XCConfigurationList;
			buildConfigurations = (
				6F01531A278B4D8F0027C857 /* Debug */,
				6F01531B278B4D8F0027C857 /* Release */,
			);
			defaultConfigurationIsVisible = 0;
			defaultConfigurationName = Release;
		};
		6F01531C278B4D8F0027C857 /* Build configuration list for PBXNativeTarget "SoftwareDevelopmentProjectTests" */ = {
			isa = XCConfigurationList;
			buildConfigurations = (
				6F01531D278B4D8F0027C857 /* Debug */,
				6F01531E278B4D8F0027C857 /* Release */,
			);
			defaultConfigurationIsVisible = 0;
			defaultConfigurationName = Release;
		};
		6F01531F278B4D8F0027C857 /* Build configuration list for PBXNativeTarget "SoftwareDevelopmentProjectUITests" */ = {
			isa = XCConfigurationList;
			buildConfigurations = (
				6F015320278B4D8F0027C857 /* Debug */,
				6F015321278B4D8F0027C857 /* Release */,
			);
			defaultConfigurationIsVisible = 0;
			defaultConfigurationName = Release;
		};
/* End XCConfigurationList section */

/* Begin XCRemoteSwiftPackageReference section */
		126D29BB279CAA5900E444CE /* XCRemoteSwiftPackageReference "CodeScanner" */ = {
			isa = XCRemoteSwiftPackageReference;
			repositoryURL = "https://github.com/twostraws/CodeScanner.git";
			requirement = {
				kind = upToNextMajorVersion;
				minimumVersion = 2.0.0;
			};
		};
		126D29BE279CDDF600E444CE /* XCRemoteSwiftPackageReference "Kingfisher" */ = {
			isa = XCRemoteSwiftPackageReference;
			repositoryURL = "https://github.com/onevcat/Kingfisher.git";
			requirement = {
				kind = upToNextMajorVersion;
				minimumVersion = 7.0.0;
			};
		};
/* End XCRemoteSwiftPackageReference section */

/* Begin XCSwiftPackageProductDependency section */
		126D29BC279CAA5900E444CE /* CodeScanner */ = {
			isa = XCSwiftPackageProductDependency;
			package = 126D29BB279CAA5900E444CE /* XCRemoteSwiftPackageReference "CodeScanner" */;
			productName = CodeScanner;
		};
		126D29BF279CDDF600E444CE /* Kingfisher */ = {
			isa = XCSwiftPackageProductDependency;
			package = 126D29BE279CDDF600E444CE /* XCRemoteSwiftPackageReference "Kingfisher" */;
			productName = Kingfisher;
		};
/* End XCSwiftPackageProductDependency section */
	};
	rootObject = 6F0152EC278B4D8C0027C857 /* Project object */;
}
