{
  "object": {
    "pins": [
      {
        "package": "CodeScanner",
        "repositoryURL": "https://github.com/twostraws/CodeScanner.git",
        "state": {
          "branch": null,
          "revision": "c27a66149b7483fe42e2ec6aad61d5c3fffe522d",
          "version": "2.1.1"
        }
      },
      {
        "package": "Kingfisher",
        "repositoryURL": "https://github.com/onevcat/Kingfisher.git",
        "state": {
          "branch": null,
          "revision": "0c02c46cfdc0656ce74fd0963a75e5000a0b7f23",
          "version": "7.1.2"
        }
      }
    ]
  },
  "version": 1
}
